// !$*UTF8*$!
{
	archiveVersion = 1;
	classes = {
	};
	objectVersion = 56;
	objects = {

/* Begin PBXBuildFile section */
		A6B3EC07296D0EA000F7ABF0 /* EreadApp.swift in Sources */ = {isa = PBXBuildFile; fileRef = A6B3EC06296D0EA000F7ABF0 /* EreadApp.swift */; };
		A6B3EC09296D0EA000F7ABF0 /* ContentView.swift in Sources */ = {isa = PBXBuildFile; fileRef = A6B3EC08296D0EA000F7ABF0 /* ContentView.swift */; };
		A6B3EC0B296D0EA100F7ABF0 /* Assets.xcassets in Resources */ = {isa = PBXBuildFile; fileRef = A6B3EC0A296D0EA100F7ABF0 /* Assets.xcassets */; };
		A6B3EC0E296D0EA100F7ABF0 /* Preview Assets.xcassets in Resources */ = {isa = PBXBuildFile; fileRef = A6B3EC0D296D0EA100F7ABF0 /* Preview Assets.xcassets */; };
		A6B3EC1C296D0FA500F7ABF0 /* View+RoundedCorners.swift in Sources */ = {isa = PBXBuildFile; fileRef = A6B3EC1B296D0FA500F7ABF0 /* View+RoundedCorners.swift */; };
		A6B3EC1E296D0FF200F7ABF0 /* Extension+Color.swift in Sources */ = {isa = PBXBuildFile; fileRef = A6B3EC1D296D0FF200F7ABF0 /* Extension+Color.swift */; };
		A6B3EC20296D106C00F7ABF0 /* ElementsBox.swift in Sources */ = {isa = PBXBuildFile; fileRef = A6B3EC1F296D106C00F7ABF0 /* ElementsBox.swift */; };
		A6B3EC25296D113D00F7ABF0 /* ContentsTable.swift in Sources */ = {isa = PBXBuildFile; fileRef = A6B3EC24296D113D00F7ABF0 /* ContentsTable.swift */; };
		A6B3EC27296D121A00F7ABF0 /* ElementsView.swift in Sources */ = {isa = PBXBuildFile; fileRef = A6B3EC26296D121A00F7ABF0 /* ElementsView.swift */; };
		A6B3EC29296D126E00F7ABF0 /* TableList.swift in Sources */ = {isa = PBXBuildFile; fileRef = A6B3EC28296D126E00F7ABF0 /* TableList.swift */; };
		A6B3EC2B296D129B00F7ABF0 /* AppSettings.swift in Sources */ = {isa = PBXBuildFile; fileRef = A6B3EC2A296D129B00F7ABF0 /* AppSettings.swift */; };
		A6B3EC2D296D12E600F7ABF0 /* BookContentVC.swift in Sources */ = {isa = PBXBuildFile; fileRef = A6B3EC2C296D12E600F7ABF0 /* BookContentVC.swift */; };
		A6B3EC2F296D139600F7ABF0 /* SettingsView.swift in Sources */ = {isa = PBXBuildFile; fileRef = A6B3EC2E296D139600F7ABF0 /* SettingsView.swift */; };
		A6B3EC31296D13FD00F7ABF0 /* SplashScreen.swift in Sources */ = {isa = PBXBuildFile; fileRef = A6B3EC30296D13FD00F7ABF0 /* SplashScreen.swift */; };
/* End PBXBuildFile section */

/* Begin PBXFileReference section */
		A6B3EC03296D0EA000F7ABF0 /* Eread.app */ = {isa = PBXFileReference; explicitFileType = wrapper.application; includeInIndex = 0; path = Eread.app; sourceTree = BUILT_PRODUCTS_DIR; };
		A6B3EC06296D0EA000F7ABF0 /* EreadApp.swift */ = {isa = PBXFileReference; lastKnownFileType = sourcecode.swift; path = EreadApp.swift; sourceTree = "<group>"; };
		A6B3EC08296D0EA000F7ABF0 /* ContentView.swift */ = {isa = PBXFileReference; lastKnownFileType = sourcecode.swift; path = ContentView.swift; sourceTree = "<group>"; };
		A6B3EC0A296D0EA100F7ABF0 /* Assets.xcassets */ = {isa = PBXFileReference; lastKnownFileType = folder.assetcatalog; path = Assets.xcassets; sourceTree = "<group>"; };
		A6B3EC0D296D0EA100F7ABF0 /* Preview Assets.xcassets */ = {isa = PBXFileReference; lastKnownFileType = folder.assetcatalog; path = "Preview Assets.xcassets"; sourceTree = "<group>"; };
		A6B3EC1B296D0FA500F7ABF0 /* View+RoundedCorners.swift */ = {isa = PBXFileReference; lastKnownFileType = sourcecode.swift; path = "View+RoundedCorners.swift"; sourceTree = "<group>"; };
		A6B3EC1D296D0FF200F7ABF0 /* Extension+Color.swift */ = {isa = PBXFileReference; lastKnownFileType = sourcecode.swift; path = "Extension+Color.swift"; sourceTree = "<group>"; };
		A6B3EC1F296D106C00F7ABF0 /* ElementsBox.swift */ = {isa = PBXFileReference; lastKnownFileType = sourcecode.swift; path = ElementsBox.swift; sourceTree = "<group>"; };
		A6B3EC24296D113D00F7ABF0 /* ContentsTable.swift */ = {isa = PBXFileReference; lastKnownFileType = sourcecode.swift; path = ContentsTable.swift; sourceTree = "<group>"; };
		A6B3EC26296D121A00F7ABF0 /* ElementsView.swift */ = {isa = PBXFileReference; lastKnownFileType = sourcecode.swift; path = ElementsView.swift; sourceTree = "<group>"; };
		A6B3EC28296D126E00F7ABF0 /* TableList.swift */ = {isa = PBXFileReference; lastKnownFileType = sourcecode.swift; path = TableList.swift; sourceTree = "<group>"; };
		A6B3EC2A296D129B00F7ABF0 /* AppSettings.swift */ = {isa = PBXFileReference; lastKnownFileType = sourcecode.swift; path = AppSettings.swift; sourceTree = "<group>"; };
		A6B3EC2C296D12E600F7ABF0 /* BookContentVC.swift */ = {isa = PBXFileReference; lastKnownFileType = sourcecode.swift; path = BookContentVC.swift; sourceTree = "<group>"; };
		A6B3EC2E296D139600F7ABF0 /* SettingsView.swift */ = {isa = PBXFileReference; lastKnownFileType = sourcecode.swift; path = SettingsView.swift; sourceTree = "<group>"; };
		A6B3EC30296D13FD00F7ABF0 /* SplashScreen.swift */ = {isa = PBXFileReference; lastKnownFileType = sourcecode.swift; path = SplashScreen.swift; sourceTree = "<group>"; };
/* End PBXFileReference section */

/* Begin PBXFrameworksBuildPhase section */
		A6B3EC00296D0EA000F7ABF0 /* Frameworks */ = {
			isa = PBXFrameworksBuildPhase;
			buildActionMask = 2147483647;
			files = (
			);
			runOnlyForDeploymentPostprocessing = 0;
		};
/* End PBXFrameworksBuildPhase section */

/* Begin PBXGroup section */
		A6B3EBFA296D0EA000F7ABF0 = {
			isa = PBXGroup;
			children = (
				A6B3EC05296D0EA000F7ABF0 /* Eread */,
				A6B3EC04296D0EA000F7ABF0 /* Products */,
			);
			sourceTree = "<group>";
		};
		A6B3EC04296D0EA000F7ABF0 /* Products */ = {
			isa = PBXGroup;
			children = (
				A6B3EC03296D0EA000F7ABF0 /* Eread.app */,
			);
			name = Products;
			sourceTree = "<group>";
		};
		A6B3EC05296D0EA000F7ABF0 /* Eread */ = {
			isa = PBXGroup;
			children = (
				A6B3EC1A296D0F7900F7ABF0 /* BookExtension+Color */,
				A6B3EC30296D13FD00F7ABF0 /* SplashScreen.swift */,
				A6B3EC23296D10B300F7ABF0 /* Model */,
				A6B3EC22296D10A700F7ABF0 /* View */,
				A6B3EC06296D0EA000F7ABF0 /* EreadApp.swift */,
				A6B3EC08296D0EA000F7ABF0 /* ContentView.swift */,
				A6B3EC1F296D106C00F7ABF0 /* ElementsBox.swift */,
				A6B3EC24296D113D00F7ABF0 /* ContentsTable.swift */,
				A6B3EC0C296D0EA100F7ABF0 /* Preview Content */,
				A6B3EC26296D121A00F7ABF0 /* ElementsView.swift */,
				A6B3EC28296D126E00F7ABF0 /* TableList.swift */,
				A6B3EC2A296D129B00F7ABF0 /* AppSettings.swift */,
				A6B3EC2C296D12E600F7ABF0 /* BookContentVC.swift */,
				A6B3EC2E296D139600F7ABF0 /* SettingsView.swift */,
			);
			path = Eread;
			sourceTree = "<group>";
		};
		A6B3EC0C296D0EA100F7ABF0 /* Preview Content */ = {
			isa = PBXGroup;
			children = (
				A6B3EC0D296D0EA100F7ABF0 /* Preview Assets.xcassets */,
				A6B3EC0A296D0EA100F7ABF0 /* Assets.xcassets */,
			);
			path = "Preview Content";
			sourceTree = "<group>";
		};
		A6B3EC1A296D0F7900F7ABF0 /* BookExtension+Color */ = {
			isa = PBXGroup;
			children = (
				A6B3EC1D296D0FF200F7ABF0 /* Extension+Color.swift */,
				A6B3EC1B296D0FA500F7ABF0 /* View+RoundedCorners.swift */,
			);
			path = "BookExtension+Color";
			sourceTree = "<group>";
		};
		A6B3EC22296D10A700F7ABF0 /* View */ = {
			isa = PBXGroup;
			children = (
			);
			path = View;
			sourceTree = "<group>";
		};
		A6B3EC23296D10B300F7ABF0 /* Model */ = {
			isa = PBXGroup;
			children = (
			);
			path = Model;
			sourceTree = "<group>";
		};
/* End PBXGroup section */

/* Begin PBXNativeTarget section */
		A6B3EC02296D0EA000F7ABF0 /* Eread */ = {
			isa = PBXNativeTarget;
			buildConfigurationList = A6B3EC11296D0EA100F7ABF0 /* Build configuration list for PBXNativeTarget "Eread" */;
			buildPhases = (
				A6B3EBFF296D0EA000F7ABF0 /* Sources */,
				A6B3EC00296D0EA000F7ABF0 /* Frameworks */,
				A6B3EC01296D0EA000F7ABF0 /* Resources */,
			);
			buildRules = (
			);
			dependencies = (
			);
			name = Eread;
			productName = Eread;
			productReference = A6B3EC03296D0EA000F7ABF0 /* Eread.app */;
			productType = "com.apple.product-type.application";
		};
/* End PBXNativeTarget section */

/* Begin PBXProject section */
		A6B3EBFB296D0EA000F7ABF0 /* Project object */ = {
			isa = PBXProject;
			attributes = {
				BuildIndependentTargetsInParallel = 1;
				LastSwiftUpdateCheck = 1420;
				LastUpgradeCheck = 1420;
				TargetAttributes = {
					A6B3EC02296D0EA000F7ABF0 = {
						CreatedOnToolsVersion = 14.2;
					};
				};
			};
			buildConfigurationList = A6B3EBFE296D0EA000F7ABF0 /* Build configuration list for PBXProject "Eread" */;
			compatibilityVersion = "Xcode 14.0";
			developmentRegion = en;
			hasScannedForEncodings = 0;
			knownRegions = (
				en,
				Base,
				ar,
			);
			mainGroup = A6B3EBFA296D0EA000F7ABF0;
			productRefGroup = A6B3EC04296D0EA000F7ABF0 /* Products */;
			projectDirPath = "";
			projectRoot = "";
			targets = (
				A6B3EC02296D0EA000F7ABF0 /* Eread */,
			);
		};
/* End PBXProject section */

/* Begin PBXResourcesBuildPhase section */
		A6B3EC01296D0EA000F7ABF0 /* Resources */ = {
			isa = PBXResourcesBuildPhase;
			buildActionMask = 2147483647;
			files = (
				A6B3EC0E296D0EA100F7ABF0 /* Preview Assets.xcassets in Resources */,
				A6B3EC0B296D0EA100F7ABF0 /* Assets.xcassets in Resources */,
			);
			runOnlyForDeploymentPostprocessing = 0;
		};
/* End PBXResourcesBuildPhase section */

/* Begin PBXSourcesBuildPhase section */
		A6B3EBFF296D0EA000F7ABF0 /* Sources */ = {
			isa = PBXSourcesBuildPhase;
			buildActionMask = 2147483647;
			files = (
				A6B3EC31296D13FD00F7ABF0 /* SplashScreen.swift in Sources */,
				A6B3EC09296D0EA000F7ABF0 /* ContentView.swift in Sources */,
				A6B3EC07296D0EA000F7ABF0 /* EreadApp.swift in Sources */,
				A6B3EC25296D113D00F7ABF0 /* ContentsTable.swift in Sources */,
				A6B3EC27296D121A00F7ABF0 /* ElementsView.swift in Sources */,
				A6B3EC1C296D0FA500F7ABF0 /* View+RoundedCorners.swift in Sources */,
				A6B3EC2D296D12E600F7ABF0 /* BookContentVC.swift in Sources */,
				A6B3EC2B296D129B00F7ABF0 /* AppSettings.swift in Sources */,
				A6B3EC1E296D0FF200F7ABF0 /* Extension+Color.swift in Sources */,
				A6B3EC29296D126E00F7ABF0 /* TableList.swift in Sources */,
				A6B3EC20296D106C00F7ABF0 /* ElementsBox.swift in Sources */,
				A6B3EC2F296D139600F7ABF0 /* SettingsView.swift in Sources */,
			);
			runOnlyForDeploymentPostprocessing = 0;
		};
/* End PBXSourcesBuildPhase section */

/* Begin XCBuildConfiguration section */
		A6B3EC0F296D0EA100F7ABF0 /* Debug */ = {
			isa = XCBuildConfiguration;
			buildSettings = {
				ALWAYS_SEARCH_USER_PATHS = NO;
				CLANG_ANALYZER_NONNULL = YES;
				CLANG_ANALYZER_NUMBER_OBJECT_CONVERSION = YES_AGGRESSIVE;
				CLANG_CXX_LANGUAGE_STANDARD = "gnu++20";
				CLANG_ENABLE_MODULES = YES;
				CLANG_ENABLE_OBJC_ARC = YES;
				CLANG_ENABLE_OBJC_WEAK = YES;
				CLANG_WARN_BLOCK_CAPTURE_AUTORELEASING = YES;
				CLANG_WARN_BOOL_CONVERSION = YES;
				CLANG_WARN_COMMA = YES;
				CLANG_WARN_CONSTANT_CONVERSION = YES;
				CLANG_WARN_DEPRECATED_OBJC_IMPLEMENTATIONS = YES;
				CLANG_WARN_DIRECT_OBJC_ISA_USAGE = YES_ERROR;
				CLANG_WARN_DOCUMENTATION_COMMENTS = YES;
				CLANG_WARN_EMPTY_BODY = YES;
				CLANG_WARN_ENUM_CONVERSION = YES;
				CLANG_WARN_INFINITE_RECURSION = YES;
				CLANG_WARN_INT_CONVERSION = YES;
				CLANG_WARN_NON_LITERAL_NULL_CONVERSION = YES;
				CLANG_WARN_OBJC_IMPLICIT_RETAIN_SELF = YES;
				CLANG_WARN_OBJC_LITERAL_CONVERSION = YES;
				CLANG_WARN_OBJC_ROOT_CLASS = YES_ERROR;
				CLANG_WARN_QUOTED_INCLUDE_IN_FRAMEWORK_HEADER = YES;
				CLANG_WARN_RANGE_LOOP_ANALYSIS = YES;
				CLANG_WARN_STRICT_PROTOTYPES = YES;
				CLANG_WARN_SUSPICIOUS_MOVE = YES;
				CLANG_WARN_UNGUARDED_AVAILABILITY = YES_AGGRESSIVE;
				CLANG_WARN_UNREACHABLE_CODE = YES;
				CLANG_WARN__DUPLICATE_METHOD_MATCH = YES;
				COPY_PHASE_STRIP = NO;
				DEBUG_INFORMATION_FORMAT = dwarf;
				ENABLE_STRICT_OBJC_MSGSEND = YES;
				ENABLE_TESTABILITY = YES;
				GCC_C_LANGUAGE_STANDARD = gnu11;
				GCC_DYNAMIC_NO_PIC = NO;
				GCC_NO_COMMON_BLOCKS = YES;
				GCC_OPTIMIZATION_LEVEL = 0;
				GCC_PREPROCESSOR_DEFINITIONS = (
					"DEBUG=1",
					"$(inherited)",
				);
				GCC_WARN_64_TO_32_BIT_CONVERSION = YES;
				GCC_WARN_ABOUT_RETURN_TYPE = YES_ERROR;
				GCC_WARN_UNDECLARED_SELECTOR = YES;
				GCC_WARN_UNINITIALIZED_AUTOS = YES_AGGRESSIVE;
				GCC_WARN_UNUSED_FUNCTION = YES;
				GCC_WARN_UNUSED_VARIABLE = YES;
				IPHONEOS_DEPLOYMENT_TARGET = 16.2;
				MTL_ENABLE_DEBUG_INFO = INCLUDE_SOURCE;
				MTL_FAST_MATH = YES;
				ONLY_ACTIVE_ARCH = YES;
				SDKROOT = iphoneos;
				SWIFT_ACTIVE_COMPILATION_CONDITIONS = DEBUG;
				SWIFT_OPTIMIZATION_LEVEL = "-Onone";
			};
			name = Debug;
		};
		A6B3EC10296D0EA100F7ABF0 /* Release */ = {
			isa = XCBuildConfiguration;
			buildSettings = {
				ALWAYS_SEARCH_USER_PATHS = NO;
				CLANG_ANALYZER_NONNULL = YES;
				CLANG_ANALYZER_NUMBER_OBJECT_CONVERSION = YES_AGGRESSIVE;
				CLANG_CXX_LANGUAGE_STANDARD = "gnu++20";
				CLANG_ENABLE_MODULES = YES;
				CLANG_ENABLE_OBJC_ARC = YES;
				CLANG_ENABLE_OBJC_WEAK = YES;
				CLANG_WARN_BLOCK_CAPTURE_AUTORELEASING = YES;
				CLANG_WARN_BOOL_CONVERSION = YES;
				CLANG_WARN_COMMA = YES;
				CLANG_WARN_CONSTANT_CONVERSION = YES;
				CLANG_WARN_DEPRECATED_OBJC_IMPLEMENTATIONS = YES;
				CLANG_WARN_DIRECT_OBJC_ISA_USAGE = YES_ERROR;
				CLANG_WARN_DOCUMENTATION_COMMENTS = YES;
				CLANG_WARN_EMPTY_BODY = YES;
				CLANG_WARN_ENUM_CONVERSION = YES;
				CLANG_WARN_INFINITE_RECURSION = YES;
				CLANG_WARN_INT_CONVERSION = YES;
				CLANG_WARN_NON_LITERAL_NULL_CONVERSION = YES;
				CLANG_WARN_OBJC_IMPLICIT_RETAIN_SELF = YES;
				CLANG_WARN_OBJC_LITERAL_CONVERSION = YES;
				CLANG_WARN_OBJC_ROOT_CLASS = YES_ERROR;
				CLANG_WARN_QUOTED_INCLUDE_IN_FRAMEWORK_HEADER = YES;
				CLANG_WARN_RANGE_LOOP_ANALYSIS = YES;
				CLANG_WARN_STRICT_PROTOTYPES = YES;
				CLANG_WARN_SUSPICIOUS_MOVE = YES;
				CLANG_WARN_UNGUARDED_AVAILABILITY = YES_AGGRESSIVE;
				CLANG_WARN_UNREACHABLE_CODE = YES;
				CLANG_WARN__DUPLICATE_METHOD_MATCH = YES;
				COPY_PHASE_STRIP = NO;
				DEBUG_INFORMATION_FORMAT = "dwarf-with-dsym";
				ENABLE_NS_ASSERTIONS = NO;
				ENABLE_STRICT_OBJC_MSGSEND = YES;
				GCC_C_LANGUAGE_STANDARD = gnu11;
				GCC_NO_COMMON_BLOCKS = YES;
				GCC_WARN_64_TO_32_BIT_CONVERSION = YES;
				GCC_WARN_ABOUT_RETURN_TYPE = YES_ERROR;
				GCC_WARN_UNDECLARED_SELECTOR = YES;
				GCC_WARN_UNINITIALIZED_AUTOS = YES_AGGRESSIVE;
				GCC_WARN_UNUSED_FUNCTION = YES;
				GCC_WARN_UNUSED_VARIABLE = YES;
				IPHONEOS_DEPLOYMENT_TARGET = 16.2;
				MTL_ENABLE_DEBUG_INFO = NO;
				MTL_FAST_MATH = YES;
				SDKROOT = iphoneos;
				SWIFT_COMPILATION_MODE = wholemodule;
				SWIFT_OPTIMIZATION_LEVEL = "-O";
				VALIDATE_PRODUCT = YES;
			};
			name = Release;
		};
		A6B3EC12296D0EA100F7ABF0 /* Debug */ = {
			isa = XCBuildConfiguration;
			buildSettings = {
				ASSETCATALOG_COMPILER_APPICON_NAME = AppIcon;
				ASSETCATALOG_COMPILER_GLOBAL_ACCENT_COLOR_NAME = AccentColor;
				CODE_SIGN_STYLE = Automatic;
				CURRENT_PROJECT_VERSION = 1;
				DEVELOPMENT_ASSET_PATHS = "\"Eread/Preview Content\"";
				DEVELOPMENT_TEAM = K386L868MY;
				ENABLE_PREVIEWS = YES;
				GENERATE_INFOPLIST_FILE = YES;
				INFOPLIST_KEY_UIApplicationSceneManifest_Generation = YES;
				INFOPLIST_KEY_UIApplicationSupportsIndirectInputEvents = YES;
				INFOPLIST_KEY_UILaunchScreen_Generation = YES;
				INFOPLIST_KEY_UISupportedInterfaceOrientations_iPad = "UIInterfaceOrientationPortrait UIInterfaceOrientationPortraitUpsideDown UIInterfaceOrientationLandscapeLeft UIInterfaceOrientationLandscapeRight";
				INFOPLIST_KEY_UISupportedInterfaceOrientations_iPhone = "UIInterfaceOrientationPortrait UIInterfaceOrientationLandscapeLeft UIInterfaceOrientationLandscapeRight";
				LD_RUNPATH_SEARCH_PATHS = (
					"$(inherited)",
					"@executable_path/Frameworks",
				);
				MARKETING_VERSION = 1.0;
				PRODUCT_BUNDLE_IDENTIFIER = example.com.Eread;
				PRODUCT_NAME = "$(TARGET_NAME)";
				SWIFT_EMIT_LOC_STRINGS = YES;
				SWIFT_VERSION = 5.0;
				TARGETED_DEVICE_FAMILY = "1,2";
			};
			name = Debug;
		};
		A6B3EC13296D0EA100F7ABF0 /* Release */ = {
			isa = XCBuildConfiguration;
			buildSettings = {
				ASSETCATALOG_COMPILER_APPICON_NAME = AppIcon;
				ASSETCATALOG_COMPILER_GLOBAL_ACCENT_COLOR_NAME = AccentColor;
				CODE_SIGN_STYLE = Automatic;
				CURRENT_PROJECT_VERSION = 1;
				DEVELOPMENT_ASSET_PATHS = "\"Eread/Preview Content\"";
				DEVELOPMENT_TEAM = K386L868MY;
				ENABLE_PREVIEWS = YES;
				GENERATE_INFOPLIST_FILE = YES;
				INFOPLIST_KEY_UIApplicationSceneManifest_Generation = YES;
				INFOPLIST_KEY_UIApplicationSupportsIndirectInputEvents = YES;
				INFOPLIST_KEY_UILaunchScreen_Generation = YES;
				INFOPLIST_KEY_UISupportedInterfaceOrientations_iPad = "UIInterfaceOrientationPortrait UIInterfaceOrientationPortraitUpsideDown UIInterfaceOrientationLandscapeLeft UIInterfaceOrientationLandscapeRight";
				INFOPLIST_KEY_UISupportedInterfaceOrientations_iPhone = "UIInterfaceOrientationPortrait UIInterfaceOrientationLandscapeLeft UIInterfaceOrientationLandscapeRight";
				LD_RUNPATH_SEARCH_PATHS = (
					"$(inherited)",
					"@executable_path/Frameworks",
				);
				MARKETING_VERSION = 1.0;
				PRODUCT_BUNDLE_IDENTIFIER = example.com.Eread;
				PRODUCT_NAME = "$(TARGET_NAME)";
				SWIFT_EMIT_LOC_STRINGS = YES;
				SWIFT_VERSION = 5.0;
				TARGETED_DEVICE_FAMILY = "1,2";
			};
			name = Release;
		};
/* End XCBuildConfiguration section */

/* Begin XCConfigurationList section */
		A6B3EBFE296D0EA000F7ABF0 /* Build configuration list for PBXProject "Eread" */ = {
			isa = XCConfigurationList;
			buildConfigurations = (
				A6B3EC0F296D0EA100F7ABF0 /* Debug */,
				A6B3EC10296D0EA100F7ABF0 /* Release */,
			);
			defaultConfigurationIsVisible = 0;
			defaultConfigurationName = Release;
		};
		A6B3EC11296D0EA100F7ABF0 /* Build configuration list for PBXNativeTarget "Eread" */ = {
			isa = XCConfigurationList;
			buildConfigurations = (
				A6B3EC12296D0EA100F7ABF0 /* Debug */,
				A6B3EC13296D0EA100F7ABF0 /* Release */,
			);
			defaultConfigurationIsVisible = 0;
			defaultConfigurationName = Release;
		};
/* End XCConfigurationList section */
	};
	rootObject = A6B3EBFB296D0EA000F7ABF0 /* Project object */;
}
